
Microsoft Visual Studio Solution File, Format Version 12.00
# Visual Studio 2013
VisualStudioVersion = 12.0.40629.0
MinimumVisualStudioVersion = 10.0.40219.1
Project("{FAE04EC0-301F-11D3-BF4B-00C04F79EFBC}") = "Lecture_160928", "Lecture_160928\Lecture_160928.csproj", "{78AF7FE3-5CC9-4CD6-B830-FA89717255C7}"
EndProject
Project("{FAE04EC0-301F-11D3-BF4B-00C04F79EFBC}") = "MultipleForms", "MultipleForms\MultipleForms.csproj", "{772EB70E-14F0-4469-A070-F0E6ED3AA93B}"
EndProject
Global
	GlobalSection(SolutionConfigurationPlatforms) = preSolution
		Debug|Any CPU = Debug|Any CPU
		Release|Any CPU = Release|Any CPU
	EndGlobalSection
	GlobalSection(ProjectConfigurationPlatforms) = postSolution
		{78AF7FE3-5CC9-4CD6-B830-FA89717255C7}.Debug|Any CPU.ActiveCfg = Debug|Any CPU
		{78AF7FE3-5CC9-4CD6-B830-FA89717255C7}.Debug|Any CPU.Build.0 = Debug|Any CPU
		{78AF7FE3-5CC9-4CD6-B830-FA89717255C7}.Release|Any CPU.ActiveCfg = Release|Any CPU
		{78AF7FE3-5CC9-4CD6-B830-FA89717255C7}.Release|Any CPU.Build.0 = Release|Any CPU
		{772EB70E-14F0-4469-A070-F0E6ED3AA93B}.Debug|Any CPU.ActiveCfg = Debug|Any CPU
		{772EB70E-14F0-4469-A070-F0E6ED3AA93B}.Debug|Any CPU.Build.0 = Debug|Any CPU
		{772EB70E-14F0-4469-A070-F0E6ED3AA93B}.Release|Any CPU.ActiveCfg = Release|Any CPU
		{772EB70E-14F0-4469-A070-F0E6ED3AA93B}.Release|Any CPU.Build.0 = Release|Any CPU
	EndGlobalSection
	GlobalSection(SolutionProperties) = preSolution
		HideSolutionNode = FALSE
	EndGlobalSection
EndGlobal
