
Microsoft Visual Studio Solution File, Format Version 12.00
# Visual Studio 2013
VisualStudioVersion = 12.0.30723.0
MinimumVisualStudioVersion = 10.0.40219.1
Project("{FAE04EC0-301F-11D3-BF4B-00C04F79EFBC}") = "Query", "Query\Query.csproj", "{9EA1E4C0-420F-4B53-8B23-844D45C1DDFC}"
EndProject
Global
	GlobalSection(SolutionConfigurationPlatforms) = preSolution
		Debug|Any CPU = Debug|Any CPU
		Release|Any CPU = Release|Any CPU
	EndGlobalSection
	GlobalSection(ProjectConfigurationPlatforms) = postSolution
		{9EA1E4C0-420F-4B53-8B23-844D45C1DDFC}.Debug|Any CPU.ActiveCfg = Debug|Any CPU
		{9EA1E4C0-420F-4B53-8B23-844D45C1DDFC}.Debug|Any CPU.Build.0 = Debug|Any CPU
		{9EA1E4C0-420F-4B53-8B23-844D45C1DDFC}.Release|Any CPU.ActiveCfg = Release|Any CPU
		{9EA1E4C0-420F-4B53-8B23-844D45C1DDFC}.Release|Any CPU.Build.0 = Release|Any CPU
	EndGlobalSection
	GlobalSection(SolutionProperties) = preSolution
		HideSolutionNode = FALSE
	EndGlobalSection
EndGlobal
